
Microsoft Visual Studio Solution File, Format Version 12.00
# Visual Studio Version 16
VisualStudioVersion = 16.0.30907.101
MinimumVisualStudioVersion = 10.0.40219.1
Project("{FAE04EC0-301F-11D3-BF4B-00C04F79EFBC}") = "EmployeeProjectManagement.Data", "EmployeeProjectManagement.Data\EmployeeProjectManagement.Data\EmployeeProjectManagement.Data.csproj", "{EF8479AA-B3F9-4E85-9FFD-4067BD9314A3}"
EndProject
Project("{FAE04EC0-301F-11D3-BF4B-00C04F79EFBC}") = "EmployeeProjectManagement.Service", "EmployeeProjectManagement.Service\EmployeeProjectManagement.Service.csproj", "{B8511A5A-6944-4776-B466-CA0BDEACCE29}"
EndProject
Project("{FAE04EC0-301F-11D3-BF4B-00C04F79EFBC}") = "EmployeeProjectManagement.Service.Tests", "EmployeeProjectManagement.Service.Tests\EmployeeProjectManagement.Service.Tests.csproj", "{342F8494-38C3-41F7-A0ED-31B41FF08A63}"
EndProject
Project("{FAE04EC0-301F-11D3-BF4B-00C04F79EFBC}") = "EmployeeProjectManagement.Host", "EmployeeProjectManagement.Host\EmployeeProjectManagement.Host.csproj", "{608CA790-76EC-402B-B265-2B23E61D3F15}"
EndProject
Project("{FAE04EC0-301F-11D3-BF4B-00C04F79EFBC}") = "EmployeeProjectManagement.Model", "EmployeeProjectManagement.Model\EmployeeProjectManagement.Model.csproj", "{ACBCBAC4-15BF-4C40-BF4C-69EAA838B1CF}"
EndProject
Global
	GlobalSection(SolutionConfigurationPlatforms) = preSolution
		Debug|Any CPU = Debug|Any CPU
		Release|Any CPU = Release|Any CPU
	EndGlobalSection
	GlobalSection(ProjectConfigurationPlatforms) = postSolution
		{EF8479AA-B3F9-4E85-9FFD-4067BD9314A3}.Debug|Any CPU.ActiveCfg = Debug|Any CPU
		{EF8479AA-B3F9-4E85-9FFD-4067BD9314A3}.Debug|Any CPU.Build.0 = Debug|Any CPU
		{EF8479AA-B3F9-4E85-9FFD-4067BD9314A3}.Release|Any CPU.ActiveCfg = Release|Any CPU
		{EF8479AA-B3F9-4E85-9FFD-4067BD9314A3}.Release|Any CPU.Build.0 = Release|Any CPU
		{B8511A5A-6944-4776-B466-CA0BDEACCE29}.Debug|Any CPU.ActiveCfg = Debug|Any CPU
		{B8511A5A-6944-4776-B466-CA0BDEACCE29}.Debug|Any CPU.Build.0 = Debug|Any CPU
		{B8511A5A-6944-4776-B466-CA0BDEACCE29}.Release|Any CPU.ActiveCfg = Release|Any CPU
		{B8511A5A-6944-4776-B466-CA0BDEACCE29}.Release|Any CPU.Build.0 = Release|Any CPU
		{342F8494-38C3-41F7-A0ED-31B41FF08A63}.Debug|Any CPU.ActiveCfg = Debug|Any CPU
		{342F8494-38C3-41F7-A0ED-31B41FF08A63}.Debug|Any CPU.Build.0 = Debug|Any CPU
		{342F8494-38C3-41F7-A0ED-31B41FF08A63}.Release|Any CPU.ActiveCfg = Release|Any CPU
		{342F8494-38C3-41F7-A0ED-31B41FF08A63}.Release|Any CPU.Build.0 = Release|Any CPU
		{608CA790-76EC-402B-B265-2B23E61D3F15}.Debug|Any CPU.ActiveCfg = Debug|Any CPU
		{608CA790-76EC-402B-B265-2B23E61D3F15}.Debug|Any CPU.Build.0 = Debug|Any CPU
		{608CA790-76EC-402B-B265-2B23E61D3F15}.Release|Any CPU.ActiveCfg = Release|Any CPU
		{608CA790-76EC-402B-B265-2B23E61D3F15}.Release|Any CPU.Build.0 = Release|Any CPU
		{ACBCBAC4-15BF-4C40-BF4C-69EAA838B1CF}.Debug|Any CPU.ActiveCfg = Debug|Any CPU
		{ACBCBAC4-15BF-4C40-BF4C-69EAA838B1CF}.Debug|Any CPU.Build.0 = Debug|Any CPU
		{ACBCBAC4-15BF-4C40-BF4C-69EAA838B1CF}.Release|Any CPU.ActiveCfg = Release|Any CPU
		{ACBCBAC4-15BF-4C40-BF4C-69EAA838B1CF}.Release|Any CPU.Build.0 = Release|Any CPU
	EndGlobalSection
	GlobalSection(SolutionProperties) = preSolution
		HideSolutionNode = FALSE
	EndGlobalSection
	GlobalSection(ExtensibilityGlobals) = postSolution
		SolutionGuid = {9C3A367A-18E1-46A9-9F47-62F83012D313}
	EndGlobalSection
EndGlobal
